
Microsoft Visual Studio Solution File, Format Version 12.00
# Visual Studio Version 17
VisualStudioVersion = 17.6.33815.320
MinimumVisualStudioVersion = 10.0.40219.1
Project("{FAE04EC0-301F-11D3-BF4B-00C04F79EFBC}") = "InstantiatedClassesDemo", "InstantiatedClassesDemo\InstantiatedClassesDemo.csproj", "{66311CF5-D8D0-42B3-A0BD-8C6116454C6F}"
EndProject
Global
	GlobalSection(SolutionConfigurationPlatforms) = preSolution
		Debug|Any CPU = Debug|Any CPU
		Release|Any CPU = Release|Any CPU
	EndGlobalSection
	GlobalSection(ProjectConfigurationPlatforms) = postSolution
		{66311CF5-D8D0-42B3-A0BD-8C6116454C6F}.Debug|Any CPU.ActiveCfg = Debug|Any CPU
		{66311CF5-D8D0-42B3-A0BD-8C6116454C6F}.Debug|Any CPU.Build.0 = Debug|Any CPU
		{66311CF5-D8D0-42B3-A0BD-8C6116454C6F}.Release|Any CPU.ActiveCfg = Release|Any CPU
		{66311CF5-D8D0-42B3-A0BD-8C6116454C6F}.Release|Any CPU.Build.0 = Release|Any CPU
	EndGlobalSection
	GlobalSection(SolutionProperties) = preSolution
		HideSolutionNode = FALSE
	EndGlobalSection
	GlobalSection(ExtensibilityGlobals) = postSolution
		SolutionGuid = {BABF2964-89F7-4949-A99D-493B819EFC73}
	EndGlobalSection
EndGlobal
