
Microsoft Visual Studio Solution File, Format Version 12.00
# Visual Studio Version 17
VisualStudioVersion = 17.6.33815.320
MinimumVisualStudioVersion = 10.0.40219.1
Project("{FAE04EC0-301F-11D3-BF4B-00C04F79EFBC}") = "MethodPractice", "MethodPractice\MethodPractice.csproj", "{CBAAB64A-E5F2-4B60-AF73-22327B68BF8F}"
EndProject
Global
	GlobalSection(SolutionConfigurationPlatforms) = preSolution
		Debug|Any CPU = Debug|Any CPU
		Release|Any CPU = Release|Any CPU
	EndGlobalSection
	GlobalSection(ProjectConfigurationPlatforms) = postSolution
		{CBAAB64A-E5F2-4B60-AF73-22327B68BF8F}.Debug|Any CPU.ActiveCfg = Debug|Any CPU
		{CBAAB64A-E5F2-4B60-AF73-22327B68BF8F}.Debug|Any CPU.Build.0 = Debug|Any CPU
		{CBAAB64A-E5F2-4B60-AF73-22327B68BF8F}.Release|Any CPU.ActiveCfg = Release|Any CPU
		{CBAAB64A-E5F2-4B60-AF73-22327B68BF8F}.Release|Any CPU.Build.0 = Release|Any CPU
	EndGlobalSection
	GlobalSection(SolutionProperties) = preSolution
		HideSolutionNode = FALSE
	EndGlobalSection
	GlobalSection(ExtensibilityGlobals) = postSolution
		SolutionGuid = {49420FC8-8A28-42F3-B616-34A8BA3D274F}
	EndGlobalSection
EndGlobal
