
Microsoft Visual Studio Solution File, Format Version 12.00
# Visual Studio Version 17
VisualStudioVersion = 17.6.33815.320
MinimumVisualStudioVersion = 10.0.40219.1
Project("{FAE04EC0-301F-11D3-BF4B-00C04F79EFBC}") = "AccessModifiers", "AccessModifiers\AccessModifiers.csproj", "{7ED60B29-7C48-4999-8947-E5D42A04726A}"
EndProject
Project("{FAE04EC0-301F-11D3-BF4B-00C04F79EFBC}") = "DemoLibrary", "DemoLibrary\DemoLibrary.csproj", "{210FD5EE-3130-4055-B57D-D51F4A6497D2}"
EndProject
Global
	GlobalSection(SolutionConfigurationPlatforms) = preSolution
		Debug|Any CPU = Debug|Any CPU
		Release|Any CPU = Release|Any CPU
	EndGlobalSection
	GlobalSection(ProjectConfigurationPlatforms) = postSolution
		{7ED60B29-7C48-4999-8947-E5D42A04726A}.Debug|Any CPU.ActiveCfg = Debug|Any CPU
		{7ED60B29-7C48-4999-8947-E5D42A04726A}.Debug|Any CPU.Build.0 = Debug|Any CPU
		{7ED60B29-7C48-4999-8947-E5D42A04726A}.Release|Any CPU.ActiveCfg = Release|Any CPU
		{7ED60B29-7C48-4999-8947-E5D42A04726A}.Release|Any CPU.Build.0 = Release|Any CPU
		{210FD5EE-3130-4055-B57D-D51F4A6497D2}.Debug|Any CPU.ActiveCfg = Debug|Any CPU
		{210FD5EE-3130-4055-B57D-D51F4A6497D2}.Debug|Any CPU.Build.0 = Debug|Any CPU
		{210FD5EE-3130-4055-B57D-D51F4A6497D2}.Release|Any CPU.ActiveCfg = Release|Any CPU
		{210FD5EE-3130-4055-B57D-D51F4A6497D2}.Release|Any CPU.Build.0 = Release|Any CPU
	EndGlobalSection
	GlobalSection(SolutionProperties) = preSolution
		HideSolutionNode = FALSE
	EndGlobalSection
	GlobalSection(ExtensibilityGlobals) = postSolution
		SolutionGuid = {3FE05307-BAD8-42C6-9FE8-E1B8293CEB44}
	EndGlobalSection
EndGlobal
