
Microsoft Visual Studio Solution File, Format Version 12.00
# Visual Studio Version 17
VisualStudioVersion = 17.6.33815.320
MinimumVisualStudioVersion = 10.0.40219.1
Project("{FAE04EC0-301F-11D3-BF4B-00C04F79EFBC}") = "BattleshipeLiteLibrary", "BattleshipeLiteLibrary\BattleshipeLiteLibrary.csproj", "{A66C7B48-3F1E-4C61-A08D-5D10D1C0932C}"
EndProject
Global
	GlobalSection(SolutionConfigurationPlatforms) = preSolution
		Debug|Any CPU = Debug|Any CPU
		Release|Any CPU = Release|Any CPU
	EndGlobalSection
	GlobalSection(ProjectConfigurationPlatforms) = postSolution
		{A66C7B48-3F1E-4C61-A08D-5D10D1C0932C}.Debug|Any CPU.ActiveCfg = Debug|Any CPU
		{A66C7B48-3F1E-4C61-A08D-5D10D1C0932C}.Debug|Any CPU.Build.0 = Debug|Any CPU
		{A66C7B48-3F1E-4C61-A08D-5D10D1C0932C}.Release|Any CPU.ActiveCfg = Release|Any CPU
		{A66C7B48-3F1E-4C61-A08D-5D10D1C0932C}.Release|Any CPU.Build.0 = Release|Any CPU
	EndGlobalSection
	GlobalSection(SolutionProperties) = preSolution
		HideSolutionNode = FALSE
	EndGlobalSection
	GlobalSection(ExtensibilityGlobals) = postSolution
		SolutionGuid = {3047C1A0-CAE6-459C-96CA-888482D10D17}
	EndGlobalSection
EndGlobal
