
Microsoft Visual Studio Solution File, Format Version 12.00
# Visual Studio Version 17
VisualStudioVersion = 17.6.33815.320
MinimumVisualStudioVersion = 10.0.40219.1
Project("{FAE04EC0-301F-11D3-BF4B-00C04F79EFBC}") = "InheritancePractice", "InheritancePractice\InheritancePractice.csproj", "{46BB594A-8C72-4E83-A8B9-1AFD6B8EBB2F}"
EndProject
Global
	GlobalSection(SolutionConfigurationPlatforms) = preSolution
		Debug|Any CPU = Debug|Any CPU
		Release|Any CPU = Release|Any CPU
	EndGlobalSection
	GlobalSection(ProjectConfigurationPlatforms) = postSolution
		{46BB594A-8C72-4E83-A8B9-1AFD6B8EBB2F}.Debug|Any CPU.ActiveCfg = Debug|Any CPU
		{46BB594A-8C72-4E83-A8B9-1AFD6B8EBB2F}.Debug|Any CPU.Build.0 = Debug|Any CPU
		{46BB594A-8C72-4E83-A8B9-1AFD6B8EBB2F}.Release|Any CPU.ActiveCfg = Release|Any CPU
		{46BB594A-8C72-4E83-A8B9-1AFD6B8EBB2F}.Release|Any CPU.Build.0 = Release|Any CPU
	EndGlobalSection
	GlobalSection(SolutionProperties) = preSolution
		HideSolutionNode = FALSE
	EndGlobalSection
	GlobalSection(ExtensibilityGlobals) = postSolution
		SolutionGuid = {1717F880-5D58-4AB9-BBF7-16A3BA2FCCAB}
	EndGlobalSection
EndGlobal
