
Microsoft Visual Studio Solution File, Format Version 12.00
# Visual Studio Version 17
VisualStudioVersion = 17.6.33815.320
MinimumVisualStudioVersion = 10.0.40219.1
Project("{FAE04EC0-301F-11D3-BF4B-00C04F79EFBC}") = "PropertyTypesDemo", "PropertyTypesDemo\PropertyTypesDemo.csproj", "{970ABBAF-4EAF-4D61-B938-B5D3552DFC76}"
EndProject
Global
	GlobalSection(SolutionConfigurationPlatforms) = preSolution
		Debug|Any CPU = Debug|Any CPU
		Release|Any CPU = Release|Any CPU
	EndGlobalSection
	GlobalSection(ProjectConfigurationPlatforms) = postSolution
		{970ABBAF-4EAF-4D61-B938-B5D3552DFC76}.Debug|Any CPU.ActiveCfg = Debug|Any CPU
		{970ABBAF-4EAF-4D61-B938-B5D3552DFC76}.Debug|Any CPU.Build.0 = Debug|Any CPU
		{970ABBAF-4EAF-4D61-B938-B5D3552DFC76}.Release|Any CPU.ActiveCfg = Release|Any CPU
		{970ABBAF-4EAF-4D61-B938-B5D3552DFC76}.Release|Any CPU.Build.0 = Release|Any CPU
	EndGlobalSection
	GlobalSection(SolutionProperties) = preSolution
		HideSolutionNode = FALSE
	EndGlobalSection
	GlobalSection(ExtensibilityGlobals) = postSolution
		SolutionGuid = {4073A60C-3217-4CAD-B8B9-C747911D1905}
	EndGlobalSection
EndGlobal
